
Microsoft Visual Studio Solution File, Format Version 12.00
# Visual Studio Version 17
VisualStudioVersion = 17.8.34330.188
MinimumVisualStudioVersion = 10.0.40219.1
Project("{9A19103F-16F7-4668-BE54-9A1E7A4F7556}") = "SysPecNSDesk", "SysPecNSDesk\SysPecNSDesk.csproj", "{3D60C123-CA97-4014-BCC6-556035FCB4F3}"
EndProject
Project("{9A19103F-16F7-4668-BE54-9A1E7A4F7556}") = "SysPecNSLib", "SysPecNSLib\SysPecNSLib.csproj", "{2A2F252C-0569-417C-96EC-6E42AC6559F8}"
	ProjectSection(ProjectDependencies) = postProject
		{3D60C123-CA97-4014-BCC6-556035FCB4F3} = {3D60C123-CA97-4014-BCC6-556035FCB4F3}
	EndProjectSection
EndProject
Global
	GlobalSection(SolutionConfigurationPlatforms) = preSolution
		Debug|Any CPU = Debug|Any CPU
		Release|Any CPU = Release|Any CPU
	EndGlobalSection
	GlobalSection(ProjectConfigurationPlatforms) = postSolution
		{3D60C123-CA97-4014-BCC6-556035FCB4F3}.Debug|Any CPU.ActiveCfg = Debug|Any CPU
		{3D60C123-CA97-4014-BCC6-556035FCB4F3}.Debug|Any CPU.Build.0 = Debug|Any CPU
		{3D60C123-CA97-4014-BCC6-556035FCB4F3}.Release|Any CPU.ActiveCfg = Release|Any CPU
		{3D60C123-CA97-4014-BCC6-556035FCB4F3}.Release|Any CPU.Build.0 = Release|Any CPU
		{2A2F252C-0569-417C-96EC-6E42AC6559F8}.Debug|Any CPU.ActiveCfg = Debug|Any CPU
		{2A2F252C-0569-417C-96EC-6E42AC6559F8}.Debug|Any CPU.Build.0 = Debug|Any CPU
		{2A2F252C-0569-417C-96EC-6E42AC6559F8}.Release|Any CPU.ActiveCfg = Release|Any CPU
		{2A2F252C-0569-417C-96EC-6E42AC6559F8}.Release|Any CPU.Build.0 = Release|Any CPU
	EndGlobalSection
	GlobalSection(SolutionProperties) = preSolution
		HideSolutionNode = FALSE
	EndGlobalSection
	GlobalSection(ExtensibilityGlobals) = postSolution
		SolutionGuid = {11F1C016-6147-41BC-A5ED-A5951B392059}
	EndGlobalSection
EndGlobal
